
Microsoft Visual Studio Solution File, Format Version 12.00
# Visual Studio Version 17
VisualStudioVersion = 17.2.32526.322
MinimumVisualStudioVersion = 10.0.40219.1
Project("{FAE04EC0-301F-11D3-BF4B-00C04F79EFBC}") = "school_diary.api", "school_diary.api\school_diary.api.csproj", "{0395D3A1-98BE-4CFA-BDFD-8F5D25529899}"
EndProject
Global
	GlobalSection(SolutionConfigurationPlatforms) = preSolution
		Debug|Any CPU = Debug|Any CPU
		Release|Any CPU = Release|Any CPU
	EndGlobalSection
	GlobalSection(ProjectConfigurationPlatforms) = postSolution
		{0395D3A1-98BE-4CFA-BDFD-8F5D25529899}.Debug|Any CPU.ActiveCfg = Debug|Any CPU
		{0395D3A1-98BE-4CFA-BDFD-8F5D25529899}.Debug|Any CPU.Build.0 = Debug|Any CPU
		{0395D3A1-98BE-4CFA-BDFD-8F5D25529899}.Release|Any CPU.ActiveCfg = Release|Any CPU
		{0395D3A1-98BE-4CFA-BDFD-8F5D25529899}.Release|Any CPU.Build.0 = Release|Any CPU
	EndGlobalSection
	GlobalSection(SolutionProperties) = preSolution
		HideSolutionNode = FALSE
	EndGlobalSection
	GlobalSection(ExtensibilityGlobals) = postSolution
		SolutionGuid = {32AFC65D-FC02-4FD7-9893-2F8E5A66EDCA}
	EndGlobalSection
EndGlobal
